
Microsoft Visual Studio Solution File, Format Version 12.00
# Visual Studio Version 16
VisualStudioVersion = 16.0.31005.135
MinimumVisualStudioVersion = 10.0.40219.1
Project("{FAE04EC0-301F-11D3-BF4B-00C04F79EFBC}") = "S3ToAzureBlob", "S3ToAzureBlob\S3ToAzureBlob.csproj", "{E48CF0B7-169E-4BBA-8CF6-E4D6F32FA7B3}"
EndProject
Project("{FAE04EC0-301F-11D3-BF4B-00C04F79EFBC}") = "TestHarness", "TestHarness\TestHarness.csproj", "{1CD736AD-8BC2-4B24-BC86-C25D746F4E61}"
EndProject
Global
	GlobalSection(SolutionConfigurationPlatforms) = preSolution
		Debug|Any CPU = Debug|Any CPU
		Release|Any CPU = Release|Any CPU
	EndGlobalSection
	GlobalSection(ProjectConfigurationPlatforms) = postSolution
		{E48CF0B7-169E-4BBA-8CF6-E4D6F32FA7B3}.Debug|Any CPU.ActiveCfg = Debug|Any CPU
		{E48CF0B7-169E-4BBA-8CF6-E4D6F32FA7B3}.Debug|Any CPU.Build.0 = Debug|Any CPU
		{E48CF0B7-169E-4BBA-8CF6-E4D6F32FA7B3}.Release|Any CPU.ActiveCfg = Release|Any CPU
		{E48CF0B7-169E-4BBA-8CF6-E4D6F32FA7B3}.Release|Any CPU.Build.0 = Release|Any CPU
		{1CD736AD-8BC2-4B24-BC86-C25D746F4E61}.Debug|Any CPU.ActiveCfg = Debug|Any CPU
		{1CD736AD-8BC2-4B24-BC86-C25D746F4E61}.Debug|Any CPU.Build.0 = Debug|Any CPU
		{1CD736AD-8BC2-4B24-BC86-C25D746F4E61}.Release|Any CPU.ActiveCfg = Release|Any CPU
		{1CD736AD-8BC2-4B24-BC86-C25D746F4E61}.Release|Any CPU.Build.0 = Release|Any CPU
	EndGlobalSection
	GlobalSection(SolutionProperties) = preSolution
		HideSolutionNode = FALSE
	EndGlobalSection
	GlobalSection(ExtensibilityGlobals) = postSolution
		SolutionGuid = {474BD257-E1A0-4B2D-9142-2A206F7764A2}
	EndGlobalSection
EndGlobal
